
Microsoft Visual Studio Solution File, Format Version 12.00
# Visual Studio Version 17
VisualStudioVersion = 17.0.31903.59
MinimumVisualStudioVersion = 10.0.40219.1
Project("{FAE04EC0-301F-11D3-BF4B-00C04F79EFBC}") = "Salasel.API", "backend\Salasel.API.csproj", "{4CD52D9E-1E71-4DD6-A0AF-D7544144085D}"
EndProject
Global
	GlobalSection(SolutionConfigurationPlatforms) = preSolution
		Debug|Any CPU = Debug|Any CPU
		Release|Any CPU = Release|Any CPU
	EndGlobalSection
	GlobalSection(SolutionProperties) = preSolution
		HideSolutionNode = FALSE
	EndGlobalSection
	GlobalSection(ProjectConfigurationPlatforms) = postSolution
		{4CD52D9E-1E71-4DD6-A0AF-D7544144085D}.Debug|Any CPU.ActiveCfg = Debug|Any CPU
		{4CD52D9E-1E71-4DD6-A0AF-D7544144085D}.Debug|Any CPU.Build.0 = Debug|Any CPU
		{4CD52D9E-1E71-4DD6-A0AF-D7544144085D}.Release|Any CPU.ActiveCfg = Release|Any CPU
		{4CD52D9E-1E71-4DD6-A0AF-D7544144085D}.Release|Any CPU.Build.0 = Release|Any CPU
	EndGlobalSection
EndGlobal
